// !$*UTF8*$!
{
	archiveVersion = 1;
	classes = {
	};
	objectVersion = 56;
	objects = {

/* Begin PBXBuildFile section */
		AC6FCC3E2C8680BE009A3D48 /* AppDelegate.swift in Sources */ = {isa = PBXBuildFile; fileRef = AC6FCC3D2C8680BE009A3D48 /* AppDelegate.swift */; };
		AC6FCC402C8680BE009A3D48 /* SceneDelegate.swift in Sources */ = {isa = PBXBuildFile; fileRef = AC6FCC3F2C8680BE009A3D48 /* SceneDelegate.swift */; };
		AC6FCC422C8680BE009A3D48 /* ViewController.swift in Sources */ = {isa = PBXBuildFile; fileRef = AC6FCC412C8680BE009A3D48 /* ViewController.swift */; };
		AC6FCC452C8680BE009A3D48 /* Main.storyboard in Resources */ = {isa = PBXBuildFile; fileRef = AC6FCC432C8680BE009A3D48 /* Main.storyboard */; };
		AC6FCC472C8680C1009A3D48 /* Assets.xcassets in Resources */ = {isa = PBXBuildFile; fileRef = AC6FCC462C8680C1009A3D48 /* Assets.xcassets */; };
		AC6FCC4A2C8680C1009A3D48 /* LaunchScreen.storyboard in Resources */ = {isa = PBXBuildFile; fileRef = AC6FCC482C8680C1009A3D48 /* LaunchScreen.storyboard */; };
		AC6FCC522C868134009A3D48 /* TimeTableViewController.swift in Sources */ = {isa = PBXBuildFile; fileRef = AC6FCC512C868134009A3D48 /* TimeTableViewController.swift */; };
		AC6FCC542C8684D8009A3D48 /* TelaXViewController.swift in Sources */ = {isa = PBXBuildFile; fileRef = AC6FCC532C8684D7009A3D48 /* TelaXViewController.swift */; };
/* End PBXBuildFile section */

/* Begin PBXFileReference section */
		AC6FCC3A2C8680BE009A3D48 /* VITOR_TORRES_RM88415_MOD2.app */ = {isa = PBXFileReference; explicitFileType = wrapper.application; includeInIndex = 0; path = VITOR_TORRES_RM88415_MOD2.app; sourceTree = BUILT_PRODUCTS_DIR; };
		AC6FCC3D2C8680BE009A3D48 /* AppDelegate.swift */ = {isa = PBXFileReference; lastKnownFileType = sourcecode.swift; path = AppDelegate.swift; sourceTree = "<group>"; };
		AC6FCC3F2C8680BE009A3D48 /* SceneDelegate.swift */ = {isa = PBXFileReference; lastKnownFileType = sourcecode.swift; path = SceneDelegate.swift; sourceTree = "<group>"; };
		AC6FCC412C8680BE009A3D48 /* ViewController.swift */ = {isa = PBXFileReference; lastKnownFileType = sourcecode.swift; path = ViewController.swift; sourceTree = "<group>"; };
		AC6FCC442C8680BE009A3D48 /* Base */ = {isa = PBXFileReference; lastKnownFileType = file.storyboard; name = Base; path = Base.lproj/Main.storyboard; sourceTree = "<group>"; };
		AC6FCC462C8680C1009A3D48 /* Assets.xcassets */ = {isa = PBXFileReference; lastKnownFileType = folder.assetcatalog; path = Assets.xcassets; sourceTree = "<group>"; };
		AC6FCC492C8680C1009A3D48 /* Base */ = {isa = PBXFileReference; lastKnownFileType = file.storyboard; name = Base; path = Base.lproj/LaunchScreen.storyboard; sourceTree = "<group>"; };
		AC6FCC4B2C8680C1009A3D48 /* Info.plist */ = {isa = PBXFileReference; lastKnownFileType = text.plist.xml; path = Info.plist; sourceTree = "<group>"; };
		AC6FCC512C868134009A3D48 /* TimeTableViewController.swift */ = {isa = PBXFileReference; lastKnownFileType = sourcecode.swift; path = TimeTableViewController.swift; sourceTree = "<group>"; };
		AC6FCC532C8684D7009A3D48 /* TelaXViewController.swift */ = {isa = PBXFileReference; lastKnownFileType = sourcecode.swift; path = TelaXViewController.swift; sourceTree = "<group>"; };
/* End PBXFileReference section */

/* Begin PBXFrameworksBuildPhase section */
		AC6FCC372C8680BE009A3D48 /* Frameworks */ = {
			isa = PBXFrameworksBuildPhase;
			buildActionMask = 2147483647;
			files = (
			);
			runOnlyForDeploymentPostprocessing = 0;
		};
/* End PBXFrameworksBuildPhase section */

/* Begin PBXGroup section */
		AC6FCC312C8680BE009A3D48 = {
			isa = PBXGroup;
			children = (
				AC6FCC3C2C8680BE009A3D48 /* VITOR_TORRES_RM88415_MOD2 */,
				AC6FCC3B2C8680BE009A3D48 /* Products */,
			);
			sourceTree = "<group>";
		};
		AC6FCC3B2C8680BE009A3D48 /* Products */ = {
			isa = PBXGroup;
			children = (
				AC6FCC3A2C8680BE009A3D48 /* VITOR_TORRES_RM88415_MOD2.app */,
			);
			name = Products;
			sourceTree = "<group>";
		};
		AC6FCC3C2C8680BE009A3D48 /* VITOR_TORRES_RM88415_MOD2 */ = {
			isa = PBXGroup;
			children = (
				AC6FCC3D2C8680BE009A3D48 /* AppDelegate.swift */,
				AC6FCC3F2C8680BE009A3D48 /* SceneDelegate.swift */,
				AC6FCC412C8680BE009A3D48 /* ViewController.swift */,
				AC6FCC432C8680BE009A3D48 /* Main.storyboard */,
				AC6FCC512C868134009A3D48 /* TimeTableViewController.swift */,
				AC6FCC532C8684D7009A3D48 /* TelaXViewController.swift */,
				AC6FCC462C8680C1009A3D48 /* Assets.xcassets */,
				AC6FCC482C8680C1009A3D48 /* LaunchScreen.storyboard */,
				AC6FCC4B2C8680C1009A3D48 /* Info.plist */,
			);
			path = VITOR_TORRES_RM88415_MOD2;
			sourceTree = "<group>";
		};
/* End PBXGroup section */

/* Begin PBXNativeTarget section */
		AC6FCC392C8680BE009A3D48 /* VITOR_TORRES_RM88415_MOD2 */ = {
			isa = PBXNativeTarget;
			buildConfigurationList = AC6FCC4E2C8680C1009A3D48 /* Build configuration list for PBXNativeTarget "VITOR_TORRES_RM88415_MOD2" */;
			buildPhases = (
				AC6FCC362C8680BE009A3D48 /* Sources */,
				AC6FCC372C8680BE009A3D48 /* Frameworks */,
				AC6FCC382C8680BE009A3D48 /* Resources */,
			);
			buildRules = (
			);
			dependencies = (
			);
			name = VITOR_TORRES_RM88415_MOD2;
			productName = VITOR_TORRES_RM88415_MOD2;
			productReference = AC6FCC3A2C8680BE009A3D48 /* VITOR_TORRES_RM88415_MOD2.app */;
			productType = "com.apple.product-type.application";
		};
/* End PBXNativeTarget section */

/* Begin PBXProject section */
		AC6FCC322C8680BE009A3D48 /* Project object */ = {
			isa = PBXProject;
			attributes = {
				BuildIndependentTargetsInParallel = 1;
				LastSwiftUpdateCheck = 1430;
				LastUpgradeCheck = 1430;
				TargetAttributes = {
					AC6FCC392C8680BE009A3D48 = {
						CreatedOnToolsVersion = 14.3.1;
					};
				};
			};
			buildConfigurationList = AC6FCC352C8680BE009A3D48 /* Build configuration list for PBXProject "VITOR_TORRES_RM88415_MOD2" */;
			compatibilityVersion = "Xcode 14.0";
			developmentRegion = en;
			hasScannedForEncodings = 0;
			knownRegions = (
				en,
				Base,
			);
			mainGroup = AC6FCC312C8680BE009A3D48;
			productRefGroup = AC6FCC3B2C8680BE009A3D48 /* Products */;
			projectDirPath = "";
			projectRoot = "";
			targets = (
				AC6FCC392C8680BE009A3D48 /* VITOR_TORRES_RM88415_MOD2 */,
			);
		};
/* End PBXProject section */

/* Begin PBXResourcesBuildPhase section */
		AC6FCC382C8680BE009A3D48 /* Resources */ = {
			isa = PBXResourcesBuildPhase;
			buildActionMask = 2147483647;
			files = (
				AC6FCC4A2C8680C1009A3D48 /* LaunchScreen.storyboard in Resources */,
				AC6FCC472C8680C1009A3D48 /* Assets.xcassets in Resources */,
				AC6FCC452C8680BE009A3D48 /* Main.storyboard in Resources */,
			);
			runOnlyForDeploymentPostprocessing = 0;
		};
/* End PBXResourcesBuildPhase section */

/* Begin PBXSourcesBuildPhase section */
		AC6FCC362C8680BE009A3D48 /* Sources */ = {
			isa = PBXSourcesBuildPhase;
			buildActionMask = 2147483647;
			files = (
				AC6FCC422C8680BE009A3D48 /* ViewController.swift in Sources */,
				AC6FCC3E2C8680BE009A3D48 /* AppDelegate.swift in Sources */,
				AC6FCC542C8684D8009A3D48 /* TelaXViewController.swift in Sources */,
				AC6FCC522C868134009A3D48 /* TimeTableViewController.swift in Sources */,
				AC6FCC402C8680BE009A3D48 /* SceneDelegate.swift in Sources */,
			);
			runOnlyForDeploymentPostprocessing = 0;
		};
/* End PBXSourcesBuildPhase section */

/* Begin PBXVariantGroup section */
		AC6FCC432C8680BE009A3D48 /* Main.storyboard */ = {
			isa = PBXVariantGroup;
			children = (
				AC6FCC442C8680BE009A3D48 /* Base */,
			);
			name = Main.storyboard;
			sourceTree = "<group>";
		};
		AC6FCC482C8680C1009A3D48 /* LaunchScreen.storyboard */ = {
			isa = PBXVariantGroup;
			children = (
				AC6FCC492C8680C1009A3D48 /* Base */,
			);
			name = LaunchScreen.storyboard;
			sourceTree = "<group>";
		};
/* End PBXVariantGroup section */

/* Begin XCBuildConfiguration section */
		AC6FCC4C2C8680C1009A3D48 /* Debug */ = {
			isa = XCBuildConfiguration;
			buildSettings = {
				ALWAYS_SEARCH_USER_PATHS = NO;
				CLANG_ANALYZER_NONNULL = YES;
				CLANG_ANALYZER_NUMBER_OBJECT_CONVERSION = YES_AGGRESSIVE;
				CLANG_CXX_LANGUAGE_STANDARD = "gnu++20";
				CLANG_ENABLE_MODULES = YES;
				CLANG_ENABLE_OBJC_ARC = YES;
				CLANG_ENABLE_OBJC_WEAK = YES;
				CLANG_WARN_BLOCK_CAPTURE_AUTORELEASING = YES;
				CLANG_WARN_BOOL_CONVERSION = YES;
				CLANG_WARN_COMMA = YES;
				CLANG_WARN_CONSTANT_CONVERSION = YES;
				CLANG_WARN_DEPRECATED_OBJC_IMPLEMENTATIONS = YES;
				CLANG_WARN_DIRECT_OBJC_ISA_USAGE = YES_ERROR;
				CLANG_WARN_DOCUMENTATION_COMMENTS = YES;
				CLANG_WARN_EMPTY_BODY = YES;
				CLANG_WARN_ENUM_CONVERSION = YES;
				CLANG_WARN_INFINITE_RECURSION = YES;
				CLANG_WARN_INT_CONVERSION = YES;
				CLANG_WARN_NON_LITERAL_NULL_CONVERSION = YES;
				CLANG_WARN_OBJC_IMPLICIT_RETAIN_SELF = YES;
				CLANG_WARN_OBJC_LITERAL_CONVERSION = YES;
				CLANG_WARN_OBJC_ROOT_CLASS = YES_ERROR;
				CLANG_WARN_QUOTED_INCLUDE_IN_FRAMEWORK_HEADER = YES;
				CLANG_WARN_RANGE_LOOP_ANALYSIS = YES;
				CLANG_WARN_STRICT_PROTOTYPES = YES;
				CLANG_WARN_SUSPICIOUS_MOVE = YES;
				CLANG_WARN_UNGUARDED_AVAILABILITY = YES_AGGRESSIVE;
				CLANG_WARN_UNREACHABLE_CODE = YES;
				CLANG_WARN__DUPLICATE_METHOD_MATCH = YES;
				COPY_PHASE_STRIP = NO;
				DEBUG_INFORMATION_FORMAT = dwarf;
				ENABLE_STRICT_OBJC_MSGSEND = YES;
				ENABLE_TESTABILITY = YES;
				GCC_C_LANGUAGE_STANDARD = gnu11;
				GCC_DYNAMIC_NO_PIC = NO;
				GCC_NO_COMMON_BLOCKS = YES;
				GCC_OPTIMIZATION_LEVEL = 0;
				GCC_PREPROCESSOR_DEFINITIONS = (
					"DEBUG=1",
					"$(inherited)",
				);
				GCC_WARN_64_TO_32_BIT_CONVERSION = YES;
				GCC_WARN_ABOUT_RETURN_TYPE = YES_ERROR;
				GCC_WARN_UNDECLARED_SELECTOR = YES;
				GCC_WARN_UNINITIALIZED_AUTOS = YES_AGGRESSIVE;
				GCC_WARN_UNUSED_FUNCTION = YES;
				GCC_WARN_UNUSED_VARIABLE = YES;
				IPHONEOS_DEPLOYMENT_TARGET = 16.4;
				MTL_ENABLE_DEBUG_INFO = INCLUDE_SOURCE;
				MTL_FAST_MATH = YES;
				ONLY_ACTIVE_ARCH = YES;
				SDKROOT = iphoneos;
				SWIFT_ACTIVE_COMPILATION_CONDITIONS = DEBUG;
				SWIFT_OPTIMIZATION_LEVEL = "-Onone";
			};
			name = Debug;
		};
		AC6FCC4D2C8680C1009A3D48 /* Release */ = {
			isa = XCBuildConfiguration;
			buildSettings = {
				ALWAYS_SEARCH_USER_PATHS = NO;
				CLANG_ANALYZER_NONNULL = YES;
				CLANG_ANALYZER_NUMBER_OBJECT_CONVERSION = YES_AGGRESSIVE;
				CLANG_CXX_LANGUAGE_STANDARD = "gnu++20";
				CLANG_ENABLE_MODULES = YES;
				CLANG_ENABLE_OBJC_ARC = YES;
				CLANG_ENABLE_OBJC_WEAK = YES;
				CLANG_WARN_BLOCK_CAPTURE_AUTORELEASING = YES;
				CLANG_WARN_BOOL_CONVERSION = YES;
				CLANG_WARN_COMMA = YES;
				CLANG_WARN_CONSTANT_CONVERSION = YES;
				CLANG_WARN_DEPRECATED_OBJC_IMPLEMENTATIONS = YES;
				CLANG_WARN_DIRECT_OBJC_ISA_USAGE = YES_ERROR;
				CLANG_WARN_DOCUMENTATION_COMMENTS = YES;
				CLANG_WARN_EMPTY_BODY = YES;
				CLANG_WARN_ENUM_CONVERSION = YES;
				CLANG_WARN_INFINITE_RECURSION = YES;
				CLANG_WARN_INT_CONVERSION = YES;
				CLANG_WARN_NON_LITERAL_NULL_CONVERSION = YES;
				CLANG_WARN_OBJC_IMPLICIT_RETAIN_SELF = YES;
				CLANG_WARN_OBJC_LITERAL_CONVERSION = YES;
				CLANG_WARN_OBJC_ROOT_CLASS = YES_ERROR;
				CLANG_WARN_QUOTED_INCLUDE_IN_FRAMEWORK_HEADER = YES;
				CLANG_WARN_RANGE_LOOP_ANALYSIS = YES;
				CLANG_WARN_STRICT_PROTOTYPES = YES;
				CLANG_WARN_SUSPICIOUS_MOVE = YES;
				CLANG_WARN_UNGUARDED_AVAILABILITY = YES_AGGRESSIVE;
				CLANG_WARN_UNREACHABLE_CODE = YES;
				CLANG_WARN__DUPLICATE_METHOD_MATCH = YES;
				COPY_PHASE_STRIP = NO;
				DEBUG_INFORMATION_FORMAT = "dwarf-with-dsym";
				ENABLE_NS_ASSERTIONS = NO;
				ENABLE_STRICT_OBJC_MSGSEND = YES;
				GCC_C_LANGUAGE_STANDARD = gnu11;
				GCC_NO_COMMON_BLOCKS = YES;
				GCC_WARN_64_TO_32_BIT_CONVERSION = YES;
				GCC_WARN_ABOUT_RETURN_TYPE = YES_ERROR;
				GCC_WARN_UNDECLARED_SELECTOR = YES;
				GCC_WARN_UNINITIALIZED_AUTOS = YES_AGGRESSIVE;
				GCC_WARN_UNUSED_FUNCTION = YES;
				GCC_WARN_UNUSED_VARIABLE = YES;
				IPHONEOS_DEPLOYMENT_TARGET = 16.4;
				MTL_ENABLE_DEBUG_INFO = NO;
				MTL_FAST_MATH = YES;
				SDKROOT = iphoneos;
				SWIFT_COMPILATION_MODE = wholemodule;
				SWIFT_OPTIMIZATION_LEVEL = "-O";
				VALIDATE_PRODUCT = YES;
			};
			name = Release;
		};
		AC6FCC4F2C8680C1009A3D48 /* Debug */ = {
			isa = XCBuildConfiguration;
			buildSettings = {
				ASSETCATALOG_COMPILER_APPICON_NAME = AppIcon;
				ASSETCATALOG_COMPILER_GLOBAL_ACCENT_COLOR_NAME = AccentColor;
				CODE_SIGN_STYLE = Automatic;
				CURRENT_PROJECT_VERSION = 1;
				GENERATE_INFOPLIST_FILE = YES;
				INFOPLIST_FILE = VITOR_TORRES_RM88415_MOD2/Info.plist;
				INFOPLIST_KEY_UIApplicationSupportsIndirectInputEvents = YES;
				INFOPLIST_KEY_UILaunchStoryboardName = LaunchScreen;
				INFOPLIST_KEY_UIMainStoryboardFile = Main;
				INFOPLIST_KEY_UISupportedInterfaceOrientations_iPad = "UIInterfaceOrientationPortrait UIInterfaceOrientationPortraitUpsideDown UIInterfaceOrientationLandscapeLeft UIInterfaceOrientationLandscapeRight";
				INFOPLIST_KEY_UISupportedInterfaceOrientations_iPhone = "UIInterfaceOrientationPortrait UIInterfaceOrientationLandscapeLeft UIInterfaceOrientationLandscapeRight";
				LD_RUNPATH_SEARCH_PATHS = (
					"$(inherited)",
					"@executable_path/Frameworks",
				);
				MARKETING_VERSION = 1.0;
				PRODUCT_BUNDLE_IDENTIFIER = "br.com.fiap.VITOR-TORRES-RM88415-MOD2";
				PRODUCT_NAME = "$(TARGET_NAME)";
				SWIFT_EMIT_LOC_STRINGS = YES;
				SWIFT_VERSION = 5.0;
				TARGETED_DEVICE_FAMILY = "1,2";
			};
			name = Debug;
		};
		AC6FCC502C8680C1009A3D48 /* Release */ = {
			isa = XCBuildConfiguration;
			buildSettings = {
				ASSETCATALOG_COMPILER_APPICON_NAME = AppIcon;
				ASSETCATALOG_COMPILER_GLOBAL_ACCENT_COLOR_NAME = AccentColor;
				CODE_SIGN_STYLE = Automatic;
				CURRENT_PROJECT_VERSION = 1;
				GENERATE_INFOPLIST_FILE = YES;
				INFOPLIST_FILE = VITOR_TORRES_RM88415_MOD2/Info.plist;
				INFOPLIST_KEY_UIApplicationSupportsIndirectInputEvents = YES;
				INFOPLIST_KEY_UILaunchStoryboardName = LaunchScreen;
				INFOPLIST_KEY_UIMainStoryboardFile = Main;
				INFOPLIST_KEY_UISupportedInterfaceOrientations_iPad = "UIInterfaceOrientationPortrait UIInterfaceOrientationPortraitUpsideDown UIInterfaceOrientationLandscapeLeft UIInterfaceOrientationLandscapeRight";
				INFOPLIST_KEY_UISupportedInterfaceOrientations_iPhone = "UIInterfaceOrientationPortrait UIInterfaceOrientationLandscapeLeft UIInterfaceOrientationLandscapeRight";
				LD_RUNPATH_SEARCH_PATHS = (
					"$(inherited)",
					"@executable_path/Frameworks",
				);
				MARKETING_VERSION = 1.0;
				PRODUCT_BUNDLE_IDENTIFIER = "br.com.fiap.VITOR-TORRES-RM88415-MOD2";
				PRODUCT_NAME = "$(TARGET_NAME)";
				SWIFT_EMIT_LOC_STRINGS = YES;
				SWIFT_VERSION = 5.0;
				TARGETED_DEVICE_FAMILY = "1,2";
			};
			name = Release;
		};
/* End XCBuildConfiguration section */

/* Begin XCConfigurationList section */
		AC6FCC352C8680BE009A3D48 /* Build configuration list for PBXProject "VITOR_TORRES_RM88415_MOD2" */ = {
			isa = XCConfigurationList;
			buildConfigurations = (
				AC6FCC4C2C8680C1009A3D48 /* Debug */,
				AC6FCC4D2C8680C1009A3D48 /* Release */,
			);
			defaultConfigurationIsVisible = 0;
			defaultConfigurationName = Release;
		};
		AC6FCC4E2C8680C1009A3D48 /* Build configuration list for PBXNativeTarget "VITOR_TORRES_RM88415_MOD2" */ = {
			isa = XCConfigurationList;
			buildConfigurations = (
				AC6FCC4F2C8680C1009A3D48 /* Debug */,
				AC6FCC502C8680C1009A3D48 /* Release */,
			);
			defaultConfigurationIsVisible = 0;
			defaultConfigurationName = Release;
		};
/* End XCConfigurationList section */
	};
	rootObject = AC6FCC322C8680BE009A3D48 /* Project object */;
}
